
Microsoft Visual Studio Solution File, Format Version 12.00
# Visual Studio Version 16
VisualStudioVersion = 16.0.33027.164
MinimumVisualStudioVersion = 10.0.40219.1
Project("{FAE04EC0-301F-11D3-BF4B-00C04F79EFBC}") = "DSA2.3", "DSA2.3.csproj", "{F77461D9-43E3-4E9B-88C8-F21F3D8F487F}"
EndProject
Global
	GlobalSection(SolutionConfigurationPlatforms) = preSolution
		Debug|Any CPU = Debug|Any CPU
		Release|Any CPU = Release|Any CPU
	EndGlobalSection
	GlobalSection(ProjectConfigurationPlatforms) = postSolution
		{F77461D9-43E3-4E9B-88C8-F21F3D8F487F}.Debug|Any CPU.ActiveCfg = Debug|Any CPU
		{F77461D9-43E3-4E9B-88C8-F21F3D8F487F}.Debug|Any CPU.Build.0 = Debug|Any CPU
		{F77461D9-43E3-4E9B-88C8-F21F3D8F487F}.Release|Any CPU.ActiveCfg = Release|Any CPU
		{F77461D9-43E3-4E9B-88C8-F21F3D8F487F}.Release|Any CPU.Build.0 = Release|Any CPU
	EndGlobalSection
	GlobalSection(SolutionProperties) = preSolution
		HideSolutionNode = FALSE
	EndGlobalSection
	GlobalSection(ExtensibilityGlobals) = postSolution
		SolutionGuid = {B39DF8EA-1091-40C6-A448-2B65D1063624}
	EndGlobalSection
EndGlobal
